// !$*UTF8*$!
{
	archiveVersion = 1;
	classes = {
	};
	objectVersion = 55;
	objects = {

/* Begin PBXBuildFile section */
		7CA1F93027F56565001B0AAF /* AppDelegate.swift in Sources */ = {isa = PBXBuildFile; fileRef = 7CA1F92F27F56565001B0AAF /* AppDelegate.swift */; };
		7CA1F93227F56565001B0AAF /* SceneDelegate.swift in Sources */ = {isa = PBXBuildFile; fileRef = 7CA1F93127F56565001B0AAF /* SceneDelegate.swift */; };
		7CA1F93727F56565001B0AAF /* Main.storyboard in Resources */ = {isa = PBXBuildFile; fileRef = 7CA1F93527F56565001B0AAF /* Main.storyboard */; };
		7CA1F93927F56567001B0AAF /* Assets.xcassets in Resources */ = {isa = PBXBuildFile; fileRef = 7CA1F93827F56567001B0AAF /* Assets.xcassets */; };
		7CA1F93C27F56567001B0AAF /* LaunchScreen.storyboard in Resources */ = {isa = PBXBuildFile; fileRef = 7CA1F93A27F56567001B0AAF /* LaunchScreen.storyboard */; };
		7CA1F94427F6A240001B0AAF /* ColorExtension.swift in Sources */ = {isa = PBXBuildFile; fileRef = 7CA1F94327F6A240001B0AAF /* ColorExtension.swift */; };
		7CA1F94627F6A37D001B0AAF /* LoginViewController.swift in Sources */ = {isa = PBXBuildFile; fileRef = 7CA1F94527F6A37D001B0AAF /* LoginViewController.swift */; };
		7CA1F94827F6CB2B001B0AAF /* RegisterViewController.swift in Sources */ = {isa = PBXBuildFile; fileRef = 7CA1F94727F6CB2B001B0AAF /* RegisterViewController.swift */; };
		7CA1F94A27F6E098001B0AAF /* UiView+Extension.swift in Sources */ = {isa = PBXBuildFile; fileRef = 7CA1F94927F6E097001B0AAF /* UiView+Extension.swift */; };
		7CA1F94C27F6E191001B0AAF /* UIViewController+Extension.swift in Sources */ = {isa = PBXBuildFile; fileRef = 7CA1F94B27F6E191001B0AAF /* UIViewController+Extension.swift */; };
		7CA1F94E27F6E8CA001B0AAF /* UserInfo.swift in Sources */ = {isa = PBXBuildFile; fileRef = 7CA1F94D27F6E8CA001B0AAF /* UserInfo.swift */; };
/* End PBXBuildFile section */

/* Begin PBXFileReference section */
		7CA1F92C27F56565001B0AAF /* UMC_logIn.app */ = {isa = PBXFileReference; explicitFileType = wrapper.application; includeInIndex = 0; path = UMC_logIn.app; sourceTree = BUILT_PRODUCTS_DIR; };
		7CA1F92F27F56565001B0AAF /* AppDelegate.swift */ = {isa = PBXFileReference; lastKnownFileType = sourcecode.swift; path = AppDelegate.swift; sourceTree = "<group>"; };
		7CA1F93127F56565001B0AAF /* SceneDelegate.swift */ = {isa = PBXFileReference; lastKnownFileType = sourcecode.swift; path = SceneDelegate.swift; sourceTree = "<group>"; };
		7CA1F93627F56565001B0AAF /* Base */ = {isa = PBXFileReference; lastKnownFileType = file.storyboard; name = Base; path = Base.lproj/Main.storyboard; sourceTree = "<group>"; };
		7CA1F93827F56567001B0AAF /* Assets.xcassets */ = {isa = PBXFileReference; lastKnownFileType = folder.assetcatalog; path = Assets.xcassets; sourceTree = "<group>"; };
		7CA1F93B27F56567001B0AAF /* Base */ = {isa = PBXFileReference; lastKnownFileType = file.storyboard; name = Base; path = Base.lproj/LaunchScreen.storyboard; sourceTree = "<group>"; };
		7CA1F93D27F56567001B0AAF /* Info.plist */ = {isa = PBXFileReference; lastKnownFileType = text.plist.xml; path = Info.plist; sourceTree = "<group>"; };
		7CA1F94327F6A240001B0AAF /* ColorExtension.swift */ = {isa = PBXFileReference; lastKnownFileType = sourcecode.swift; path = ColorExtension.swift; sourceTree = "<group>"; };
		7CA1F94527F6A37D001B0AAF /* LoginViewController.swift */ = {isa = PBXFileReference; lastKnownFileType = sourcecode.swift; path = LoginViewController.swift; sourceTree = "<group>"; };
		7CA1F94727F6CB2B001B0AAF /* RegisterViewController.swift */ = {isa = PBXFileReference; lastKnownFileType = sourcecode.swift; path = RegisterViewController.swift; sourceTree = "<group>"; };
		7CA1F94927F6E097001B0AAF /* UiView+Extension.swift */ = {isa = PBXFileReference; lastKnownFileType = sourcecode.swift; path = "UiView+Extension.swift"; sourceTree = "<group>"; };
		7CA1F94B27F6E191001B0AAF /* UIViewController+Extension.swift */ = {isa = PBXFileReference; lastKnownFileType = sourcecode.swift; path = "UIViewController+Extension.swift"; sourceTree = "<group>"; };
		7CA1F94D27F6E8CA001B0AAF /* UserInfo.swift */ = {isa = PBXFileReference; lastKnownFileType = sourcecode.swift; path = UserInfo.swift; sourceTree = "<group>"; };
/* End PBXFileReference section */

/* Begin PBXFrameworksBuildPhase section */
		7CA1F92927F56565001B0AAF /* Frameworks */ = {
			isa = PBXFrameworksBuildPhase;
			buildActionMask = 2147483647;
			files = (
			);
			runOnlyForDeploymentPostprocessing = 0;
		};
/* End PBXFrameworksBuildPhase section */

/* Begin PBXGroup section */
		7CA1F92327F56565001B0AAF = {
			isa = PBXGroup;
			children = (
				7CA1F92E27F56565001B0AAF /* UMC_logIn */,
				7CA1F92D27F56565001B0AAF /* Products */,
			);
			sourceTree = "<group>";
		};
		7CA1F92D27F56565001B0AAF /* Products */ = {
			isa = PBXGroup;
			children = (
				7CA1F92C27F56565001B0AAF /* UMC_logIn.app */,
			);
			name = Products;
			sourceTree = "<group>";
		};
		7CA1F92E27F56565001B0AAF /* UMC_logIn */ = {
			isa = PBXGroup;
			children = (
				7CA1F92F27F56565001B0AAF /* AppDelegate.swift */,
				7CA1F93127F56565001B0AAF /* SceneDelegate.swift */,
				7CA1F94327F6A240001B0AAF /* ColorExtension.swift */,
				7CA1F94527F6A37D001B0AAF /* LoginViewController.swift */,
				7CA1F94727F6CB2B001B0AAF /* RegisterViewController.swift */,
				7CA1F94927F6E097001B0AAF /* UiView+Extension.swift */,
				7CA1F94B27F6E191001B0AAF /* UIViewController+Extension.swift */,
				7CA1F93527F56565001B0AAF /* Main.storyboard */,
				7CA1F93827F56567001B0AAF /* Assets.xcassets */,
				7CA1F93A27F56567001B0AAF /* LaunchScreen.storyboard */,
				7CA1F93D27F56567001B0AAF /* Info.plist */,
				7CA1F94D27F6E8CA001B0AAF /* UserInfo.swift */,
			);
			path = UMC_logIn;
			sourceTree = "<group>";
		};
/* End PBXGroup section */

/* Begin PBXNativeTarget section */
		7CA1F92B27F56565001B0AAF /* UMC_logIn */ = {
			isa = PBXNativeTarget;
			buildConfigurationList = 7CA1F94027F56567001B0AAF /* Build configuration list for PBXNativeTarget "UMC_logIn" */;
			buildPhases = (
				7CA1F92827F56565001B0AAF /* Sources */,
				7CA1F92927F56565001B0AAF /* Frameworks */,
				7CA1F92A27F56565001B0AAF /* Resources */,
			);
			buildRules = (
			);
			dependencies = (
			);
			name = UMC_logIn;
			productName = UMC_logIn;
			productReference = 7CA1F92C27F56565001B0AAF /* UMC_logIn.app */;
			productType = "com.apple.product-type.application";
		};
/* End PBXNativeTarget section */

/* Begin PBXProject section */
		7CA1F92427F56565001B0AAF /* Project object */ = {
			isa = PBXProject;
			attributes = {
				BuildIndependentTargetsInParallel = 1;
				LastSwiftUpdateCheck = 1310;
				LastUpgradeCheck = 1310;
				TargetAttributes = {
					7CA1F92B27F56565001B0AAF = {
						CreatedOnToolsVersion = 13.1;
					};
				};
			};
			buildConfigurationList = 7CA1F92727F56565001B0AAF /* Build configuration list for PBXProject "UMC_logIn" */;
			compatibilityVersion = "Xcode 13.0";
			developmentRegion = en;
			hasScannedForEncodings = 0;
			knownRegions = (
				en,
				Base,
			);
			mainGroup = 7CA1F92327F56565001B0AAF;
			productRefGroup = 7CA1F92D27F56565001B0AAF /* Products */;
			projectDirPath = "";
			projectRoot = "";
			targets = (
				7CA1F92B27F56565001B0AAF /* UMC_logIn */,
			);
		};
/* End PBXProject section */

/* Begin PBXResourcesBuildPhase section */
		7CA1F92A27F56565001B0AAF /* Resources */ = {
			isa = PBXResourcesBuildPhase;
			buildActionMask = 2147483647;
			files = (
				7CA1F93C27F56567001B0AAF /* LaunchScreen.storyboard in Resources */,
				7CA1F93927F56567001B0AAF /* Assets.xcassets in Resources */,
				7CA1F93727F56565001B0AAF /* Main.storyboard in Resources */,
			);
			runOnlyForDeploymentPostprocessing = 0;
		};
/* End PBXResourcesBuildPhase section */

/* Begin PBXSourcesBuildPhase section */
		7CA1F92827F56565001B0AAF /* Sources */ = {
			isa = PBXSourcesBuildPhase;
			buildActionMask = 2147483647;
			files = (
				7CA1F94627F6A37D001B0AAF /* LoginViewController.swift in Sources */,
				7CA1F94827F6CB2B001B0AAF /* RegisterViewController.swift in Sources */,
				7CA1F93027F56565001B0AAF /* AppDelegate.swift in Sources */,
				7CA1F93227F56565001B0AAF /* SceneDelegate.swift in Sources */,
				7CA1F94E27F6E8CA001B0AAF /* UserInfo.swift in Sources */,
				7CA1F94C27F6E191001B0AAF /* UIViewController+Extension.swift in Sources */,
				7CA1F94A27F6E098001B0AAF /* UiView+Extension.swift in Sources */,
				7CA1F94427F6A240001B0AAF /* ColorExtension.swift in Sources */,
			);
			runOnlyForDeploymentPostprocessing = 0;
		};
/* End PBXSourcesBuildPhase section */

/* Begin PBXVariantGroup section */
		7CA1F93527F56565001B0AAF /* Main.storyboard */ = {
			isa = PBXVariantGroup;
			children = (
				7CA1F93627F56565001B0AAF /* Base */,
			);
			name = Main.storyboard;
			sourceTree = "<group>";
		};
		7CA1F93A27F56567001B0AAF /* LaunchScreen.storyboard */ = {
			isa = PBXVariantGroup;
			children = (
				7CA1F93B27F56567001B0AAF /* Base */,
			);
			name = LaunchScreen.storyboard;
			sourceTree = "<group>";
		};
/* End PBXVariantGroup section */

/* Begin XCBuildConfiguration section */
		7CA1F93E27F56567001B0AAF /* Debug */ = {
			isa = XCBuildConfiguration;
			buildSettings = {
				ALWAYS_SEARCH_USER_PATHS = NO;
				CLANG_ANALYZER_NONNULL = YES;
				CLANG_ANALYZER_NUMBER_OBJECT_CONVERSION = YES_AGGRESSIVE;
				CLANG_CXX_LANGUAGE_STANDARD = "gnu++17";
				CLANG_CXX_LIBRARY = "libc++";
				CLANG_ENABLE_MODULES = YES;
				CLANG_ENABLE_OBJC_ARC = YES;
				CLANG_ENABLE_OBJC_WEAK = YES;
				CLANG_WARN_BLOCK_CAPTURE_AUTORELEASING = YES;
				CLANG_WARN_BOOL_CONVERSION = YES;
				CLANG_WARN_COMMA = YES;
				CLANG_WARN_CONSTANT_CONVERSION = YES;
				CLANG_WARN_DEPRECATED_OBJC_IMPLEMENTATIONS = YES;
				CLANG_WARN_DIRECT_OBJC_ISA_USAGE = YES_ERROR;
				CLANG_WARN_DOCUMENTATION_COMMENTS = YES;
				CLANG_WARN_EMPTY_BODY = YES;
				CLANG_WARN_ENUM_CONVERSION = YES;
				CLANG_WARN_INFINITE_RECURSION = YES;
				CLANG_WARN_INT_CONVERSION = YES;
				CLANG_WARN_NON_LITERAL_NULL_CONVERSION = YES;
				CLANG_WARN_OBJC_IMPLICIT_RETAIN_SELF = YES;
				CLANG_WARN_OBJC_LITERAL_CONVERSION = YES;
				CLANG_WARN_OBJC_ROOT_CLASS = YES_ERROR;
				CLANG_WARN_QUOTED_INCLUDE_IN_FRAMEWORK_HEADER = YES;
				CLANG_WARN_RANGE_LOOP_ANALYSIS = YES;
				CLANG_WARN_STRICT_PROTOTYPES = YES;
				CLANG_WARN_SUSPICIOUS_MOVE = YES;
				CLANG_WARN_UNGUARDED_AVAILABILITY = YES_AGGRESSIVE;
				CLANG_WARN_UNREACHABLE_CODE = YES;
				CLANG_WARN__DUPLICATE_METHOD_MATCH = YES;
				COPY_PHASE_STRIP = NO;
				DEBUG_INFORMATION_FORMAT = dwarf;
				ENABLE_STRICT_OBJC_MSGSEND = YES;
				ENABLE_TESTABILITY = YES;
				GCC_C_LANGUAGE_STANDARD = gnu11;
				GCC_DYNAMIC_NO_PIC = NO;
				GCC_NO_COMMON_BLOCKS = YES;
				GCC_OPTIMIZATION_LEVEL = 0;
				GCC_PREPROCESSOR_DEFINITIONS = (
					"DEBUG=1",
					"$(inherited)",
				);
				GCC_WARN_64_TO_32_BIT_CONVERSION = YES;
				GCC_WARN_ABOUT_RETURN_TYPE = YES_ERROR;
				GCC_WARN_UNDECLARED_SELECTOR = YES;
				GCC_WARN_UNINITIALIZED_AUTOS = YES_AGGRESSIVE;
				GCC_WARN_UNUSED_FUNCTION = YES;
				GCC_WARN_UNUSED_VARIABLE = YES;
				IPHONEOS_DEPLOYMENT_TARGET = 15.0;
				MTL_ENABLE_DEBUG_INFO = INCLUDE_SOURCE;
				MTL_FAST_MATH = YES;
				ONLY_ACTIVE_ARCH = YES;
				SDKROOT = iphoneos;
				SWIFT_ACTIVE_COMPILATION_CONDITIONS = DEBUG;
				SWIFT_OPTIMIZATION_LEVEL = "-Onone";
			};
			name = Debug;
		};
		7CA1F93F27F56567001B0AAF /* Release */ = {
			isa = XCBuildConfiguration;
			buildSettings = {
				ALWAYS_SEARCH_USER_PATHS = NO;
				CLANG_ANALYZER_NONNULL = YES;
				CLANG_ANALYZER_NUMBER_OBJECT_CONVERSION = YES_AGGRESSIVE;
				CLANG_CXX_LANGUAGE_STANDARD = "gnu++17";
				CLANG_CXX_LIBRARY = "libc++";
				CLANG_ENABLE_MODULES = YES;
				CLANG_ENABLE_OBJC_ARC = YES;
				CLANG_ENABLE_OBJC_WEAK = YES;
				CLANG_WARN_BLOCK_CAPTURE_AUTORELEASING = YES;
				CLANG_WARN_BOOL_CONVERSION = YES;
				CLANG_WARN_COMMA = YES;
				CLANG_WARN_CONSTANT_CONVERSION = YES;
				CLANG_WARN_DEPRECATED_OBJC_IMPLEMENTATIONS = YES;
				CLANG_WARN_DIRECT_OBJC_ISA_USAGE = YES_ERROR;
				CLANG_WARN_DOCUMENTATION_COMMENTS = YES;
				CLANG_WARN_EMPTY_BODY = YES;
				CLANG_WARN_ENUM_CONVERSION = YES;
				CLANG_WARN_INFINITE_RECURSION = YES;
				CLANG_WARN_INT_CONVERSION = YES;
				CLANG_WARN_NON_LITERAL_NULL_CONVERSION = YES;
				CLANG_WARN_OBJC_IMPLICIT_RETAIN_SELF = YES;
				CLANG_WARN_OBJC_LITERAL_CONVERSION = YES;
				CLANG_WARN_OBJC_ROOT_CLASS = YES_ERROR;
				CLANG_WARN_QUOTED_INCLUDE_IN_FRAMEWORK_HEADER = YES;
				CLANG_WARN_RANGE_LOOP_ANALYSIS = YES;
				CLANG_WARN_STRICT_PROTOTYPES = YES;
				CLANG_WARN_SUSPICIOUS_MOVE = YES;
				CLANG_WARN_UNGUARDED_AVAILABILITY = YES_AGGRESSIVE;
				CLANG_WARN_UNREACHABLE_CODE = YES;
				CLANG_WARN__DUPLICATE_METHOD_MATCH = YES;
				COPY_PHASE_STRIP = NO;
				DEBUG_INFORMATION_FORMAT = "dwarf-with-dsym";
				ENABLE_NS_ASSERTIONS = NO;
				ENABLE_STRICT_OBJC_MSGSEND = YES;
				GCC_C_LANGUAGE_STANDARD = gnu11;
				GCC_NO_COMMON_BLOCKS = YES;
				GCC_WARN_64_TO_32_BIT_CONVERSION = YES;
				GCC_WARN_ABOUT_RETURN_TYPE = YES_ERROR;
				GCC_WARN_UNDECLARED_SELECTOR = YES;
				GCC_WARN_UNINITIALIZED_AUTOS = YES_AGGRESSIVE;
				GCC_WARN_UNUSED_FUNCTION = YES;
				GCC_WARN_UNUSED_VARIABLE = YES;
				IPHONEOS_DEPLOYMENT_TARGET = 15.0;
				MTL_ENABLE_DEBUG_INFO = NO;
				MTL_FAST_MATH = YES;
				SDKROOT = iphoneos;
				SWIFT_COMPILATION_MODE = wholemodule;
				SWIFT_OPTIMIZATION_LEVEL = "-O";
				VALIDATE_PRODUCT = YES;
			};
			name = Release;
		};
		7CA1F94127F56567001B0AAF /* Debug */ = {
			isa = XCBuildConfiguration;
			buildSettings = {
				ASSETCATALOG_COMPILER_APPICON_NAME = AppIcon;
				ASSETCATALOG_COMPILER_GLOBAL_ACCENT_COLOR_NAME = AccentColor;
				CODE_SIGN_STYLE = Automatic;
				CURRENT_PROJECT_VERSION = 1;
				DEVELOPMENT_TEAM = C3N2FXBXWT;
				GENERATE_INFOPLIST_FILE = YES;
				INFOPLIST_FILE = UMC_logIn/Info.plist;
				INFOPLIST_KEY_UIApplicationSupportsIndirectInputEvents = YES;
				INFOPLIST_KEY_UILaunchStoryboardName = LaunchScreen;
				INFOPLIST_KEY_UIMainStoryboardFile = Main;
				INFOPLIST_KEY_UISupportedInterfaceOrientations_iPad = "UIInterfaceOrientationPortrait UIInterfaceOrientationPortraitUpsideDown UIInterfaceOrientationLandscapeLeft UIInterfaceOrientationLandscapeRight";
				INFOPLIST_KEY_UISupportedInterfaceOrientations_iPhone = "UIInterfaceOrientationPortrait UIInterfaceOrientationLandscapeLeft UIInterfaceOrientationLandscapeRight";
				LD_RUNPATH_SEARCH_PATHS = (
					"$(inherited)",
					"@executable_path/Frameworks",
				);
				MARKETING_VERSION = 1.0;
				PRODUCT_BUNDLE_IDENTIFIER = "sherlocked.UMC-logIn";
				PRODUCT_NAME = "$(TARGET_NAME)";
				SWIFT_EMIT_LOC_STRINGS = YES;
				SWIFT_VERSION = 5.0;
				TARGETED_DEVICE_FAMILY = "1,2";
			};
			name = Debug;
		};
		7CA1F94227F56567001B0AAF /* Release */ = {
			isa = XCBuildConfiguration;
			buildSettings = {
				ASSETCATALOG_COMPILER_APPICON_NAME = AppIcon;
				ASSETCATALOG_COMPILER_GLOBAL_ACCENT_COLOR_NAME = AccentColor;
				CODE_SIGN_STYLE = Automatic;
				CURRENT_PROJECT_VERSION = 1;
				DEVELOPMENT_TEAM = C3N2FXBXWT;
				GENERATE_INFOPLIST_FILE = YES;
				INFOPLIST_FILE = UMC_logIn/Info.plist;
				INFOPLIST_KEY_UIApplicationSupportsIndirectInputEvents = YES;
				INFOPLIST_KEY_UILaunchStoryboardName = LaunchScreen;
				INFOPLIST_KEY_UIMainStoryboardFile = Main;
				INFOPLIST_KEY_UISupportedInterfaceOrientations_iPad = "UIInterfaceOrientationPortrait UIInterfaceOrientationPortraitUpsideDown UIInterfaceOrientationLandscapeLeft UIInterfaceOrientationLandscapeRight";
				INFOPLIST_KEY_UISupportedInterfaceOrientations_iPhone = "UIInterfaceOrientationPortrait UIInterfaceOrientationLandscapeLeft UIInterfaceOrientationLandscapeRight";
				LD_RUNPATH_SEARCH_PATHS = (
					"$(inherited)",
					"@executable_path/Frameworks",
				);
				MARKETING_VERSION = 1.0;
				PRODUCT_BUNDLE_IDENTIFIER = "sherlocked.UMC-logIn";
				PRODUCT_NAME = "$(TARGET_NAME)";
				SWIFT_EMIT_LOC_STRINGS = YES;
				SWIFT_VERSION = 5.0;
				TARGETED_DEVICE_FAMILY = "1,2";
			};
			name = Release;
		};
/* End XCBuildConfiguration section */

/* Begin XCConfigurationList section */
		7CA1F92727F56565001B0AAF /* Build configuration list for PBXProject "UMC_logIn" */ = {
			isa = XCConfigurationList;
			buildConfigurations = (
				7CA1F93E27F56567001B0AAF /* Debug */,
				7CA1F93F27F56567001B0AAF /* Release */,
			);
			defaultConfigurationIsVisible = 0;
			defaultConfigurationName = Release;
		};
		7CA1F94027F56567001B0AAF /* Build configuration list for PBXNativeTarget "UMC_logIn" */ = {
			isa = XCConfigurationList;
			buildConfigurations = (
				7CA1F94127F56567001B0AAF /* Debug */,
				7CA1F94227F56567001B0AAF /* Release */,
			);
			defaultConfigurationIsVisible = 0;
			defaultConfigurationName = Release;
		};
/* End XCConfigurationList section */
	};
	rootObject = 7CA1F92427F56565001B0AAF /* Project object */;
}
